// !$*UTF8*$!
{
	archiveVersion = 1;
	classes = {
	};
	objectVersion = 56;
	objects = {

/* Begin PBXBuildFile section */
		365A17302A8BC9D700E970AA /* AppDelegate.swift in Sources */ = {isa = PBXBuildFile; fileRef = 365A172F2A8BC9D700E970AA /* AppDelegate.swift */; };
		365A17322A8BC9D700E970AA /* SceneDelegate.swift in Sources */ = {isa = PBXBuildFile; fileRef = 365A17312A8BC9D700E970AA /* SceneDelegate.swift */; };
		365A17392A8BC9D800E970AA /* Assets.xcassets in Resources */ = {isa = PBXBuildFile; fileRef = 365A17382A8BC9D800E970AA /* Assets.xcassets */; };
		365A173C2A8BC9D800E970AA /* LaunchScreen.storyboard in Resources */ = {isa = PBXBuildFile; fileRef = 365A173A2A8BC9D800E970AA /* LaunchScreen.storyboard */; };
		365A17472A8BC9D800E970AA /* CombineExampleTests.swift in Sources */ = {isa = PBXBuildFile; fileRef = 365A17462A8BC9D800E970AA /* CombineExampleTests.swift */; };
		365A17512A8BC9D800E970AA /* CombineExampleUITests.swift in Sources */ = {isa = PBXBuildFile; fileRef = 365A17502A8BC9D800E970AA /* CombineExampleUITests.swift */; };
		365A17532A8BC9D800E970AA /* CombineExampleUITestsLaunchTests.swift in Sources */ = {isa = PBXBuildFile; fileRef = 365A17522A8BC9D800E970AA /* CombineExampleUITestsLaunchTests.swift */; };
		365A17692A8BCBB800E970AA /* ShopViewController.swift in Sources */ = {isa = PBXBuildFile; fileRef = 365A17672A8BCBB800E970AA /* ShopViewController.swift */; };
		365A176A2A8BCBB800E970AA /* ShopViewController.xib in Resources */ = {isa = PBXBuildFile; fileRef = 365A17682A8BCBB800E970AA /* ShopViewController.xib */; };
		365A17702A8BCC8100E970AA /* ShopTableViewCell.swift in Sources */ = {isa = PBXBuildFile; fileRef = 365A176E2A8BCC8100E970AA /* ShopTableViewCell.swift */; };
		365A17712A8BCC8100E970AA /* ShopTableViewCell.xib in Resources */ = {isa = PBXBuildFile; fileRef = 365A176F2A8BCC8100E970AA /* ShopTableViewCell.xib */; };
		365A17732A8BCF9000E970AA /* ItemModel.swift in Sources */ = {isa = PBXBuildFile; fileRef = 365A17722A8BCF9000E970AA /* ItemModel.swift */; };
		365A17752A8BD00400E970AA /* Presenter.swift in Sources */ = {isa = PBXBuildFile; fileRef = 365A17742A8BD00400E970AA /* Presenter.swift */; };
		365A17782A8BD0A100E970AA /* NetworkService.swift in Sources */ = {isa = PBXBuildFile; fileRef = 365A17772A8BD0A100E970AA /* NetworkService.swift */; };
/* End PBXBuildFile section */

/* Begin PBXContainerItemProxy section */
		365A17432A8BC9D800E970AA /* PBXContainerItemProxy */ = {
			isa = PBXContainerItemProxy;
			containerPortal = 365A17242A8BC9D700E970AA /* Project object */;
			proxyType = 1;
			remoteGlobalIDString = 365A172B2A8BC9D700E970AA;
			remoteInfo = CombineExample;
		};
		365A174D2A8BC9D800E970AA /* PBXContainerItemProxy */ = {
			isa = PBXContainerItemProxy;
			containerPortal = 365A17242A8BC9D700E970AA /* Project object */;
			proxyType = 1;
			remoteGlobalIDString = 365A172B2A8BC9D700E970AA;
			remoteInfo = CombineExample;
		};
/* End PBXContainerItemProxy section */

/* Begin PBXFileReference section */
		365A172C2A8BC9D700E970AA /* CombineExample.app */ = {isa = PBXFileReference; explicitFileType = wrapper.application; includeInIndex = 0; path = CombineExample.app; sourceTree = BUILT_PRODUCTS_DIR; };
		365A172F2A8BC9D700E970AA /* AppDelegate.swift */ = {isa = PBXFileReference; lastKnownFileType = sourcecode.swift; path = AppDelegate.swift; sourceTree = "<group>"; };
		365A17312A8BC9D700E970AA /* SceneDelegate.swift */ = {isa = PBXFileReference; lastKnownFileType = sourcecode.swift; path = SceneDelegate.swift; sourceTree = "<group>"; };
		365A17382A8BC9D800E970AA /* Assets.xcassets */ = {isa = PBXFileReference; lastKnownFileType = folder.assetcatalog; path = Assets.xcassets; sourceTree = "<group>"; };
		365A173B2A8BC9D800E970AA /* Base */ = {isa = PBXFileReference; lastKnownFileType = file.storyboard; name = Base; path = Base.lproj/LaunchScreen.storyboard; sourceTree = "<group>"; };
		365A173D2A8BC9D800E970AA /* Info.plist */ = {isa = PBXFileReference; lastKnownFileType = text.plist.xml; path = Info.plist; sourceTree = "<group>"; };
		365A17422A8BC9D800E970AA /* CombineExampleTests.xctest */ = {isa = PBXFileReference; explicitFileType = wrapper.cfbundle; includeInIndex = 0; path = CombineExampleTests.xctest; sourceTree = BUILT_PRODUCTS_DIR; };
		365A17462A8BC9D800E970AA /* CombineExampleTests.swift */ = {isa = PBXFileReference; lastKnownFileType = sourcecode.swift; path = CombineExampleTests.swift; sourceTree = "<group>"; };
		365A174C2A8BC9D800E970AA /* CombineExampleUITests.xctest */ = {isa = PBXFileReference; explicitFileType = wrapper.cfbundle; includeInIndex = 0; path = CombineExampleUITests.xctest; sourceTree = BUILT_PRODUCTS_DIR; };
		365A17502A8BC9D800E970AA /* CombineExampleUITests.swift */ = {isa = PBXFileReference; lastKnownFileType = sourcecode.swift; path = CombineExampleUITests.swift; sourceTree = "<group>"; };
		365A17522A8BC9D800E970AA /* CombineExampleUITestsLaunchTests.swift */ = {isa = PBXFileReference; lastKnownFileType = sourcecode.swift; path = CombineExampleUITestsLaunchTests.swift; sourceTree = "<group>"; };
		365A17672A8BCBB800E970AA /* ShopViewController.swift */ = {isa = PBXFileReference; lastKnownFileType = sourcecode.swift; path = ShopViewController.swift; sourceTree = "<group>"; };
		365A17682A8BCBB800E970AA /* ShopViewController.xib */ = {isa = PBXFileReference; lastKnownFileType = file.xib; path = ShopViewController.xib; sourceTree = "<group>"; };
		365A176E2A8BCC8100E970AA /* ShopTableViewCell.swift */ = {isa = PBXFileReference; lastKnownFileType = sourcecode.swift; path = ShopTableViewCell.swift; sourceTree = "<group>"; };
		365A176F2A8BCC8100E970AA /* ShopTableViewCell.xib */ = {isa = PBXFileReference; lastKnownFileType = file.xib; path = ShopTableViewCell.xib; sourceTree = "<group>"; };
		365A17722A8BCF9000E970AA /* ItemModel.swift */ = {isa = PBXFileReference; lastKnownFileType = sourcecode.swift; path = ItemModel.swift; sourceTree = "<group>"; };
		365A17742A8BD00400E970AA /* Presenter.swift */ = {isa = PBXFileReference; lastKnownFileType = sourcecode.swift; path = Presenter.swift; sourceTree = "<group>"; };
		365A17772A8BD0A100E970AA /* NetworkService.swift */ = {isa = PBXFileReference; lastKnownFileType = sourcecode.swift; path = NetworkService.swift; sourceTree = "<group>"; };
/* End PBXFileReference section */

/* Begin PBXFrameworksBuildPhase section */
		365A17292A8BC9D700E970AA /* Frameworks */ = {
			isa = PBXFrameworksBuildPhase;
			buildActionMask = 2147483647;
			files = (
			);
			runOnlyForDeploymentPostprocessing = 0;
		};
		365A173F2A8BC9D800E970AA /* Frameworks */ = {
			isa = PBXFrameworksBuildPhase;
			buildActionMask = 2147483647;
			files = (
			);
			runOnlyForDeploymentPostprocessing = 0;
		};
		365A17492A8BC9D800E970AA /* Frameworks */ = {
			isa = PBXFrameworksBuildPhase;
			buildActionMask = 2147483647;
			files = (
			);
			runOnlyForDeploymentPostprocessing = 0;
		};
/* End PBXFrameworksBuildPhase section */

/* Begin PBXGroup section */
		365A17232A8BC9D700E970AA = {
			isa = PBXGroup;
			children = (
				365A172E2A8BC9D700E970AA /* CombineExample */,
				365A17452A8BC9D800E970AA /* CombineExampleTests */,
				365A174F2A8BC9D800E970AA /* CombineExampleUITests */,
				365A172D2A8BC9D700E970AA /* Products */,
			);
			sourceTree = "<group>";
		};
		365A172D2A8BC9D700E970AA /* Products */ = {
			isa = PBXGroup;
			children = (
				365A172C2A8BC9D700E970AA /* CombineExample.app */,
				365A17422A8BC9D800E970AA /* CombineExampleTests.xctest */,
				365A174C2A8BC9D800E970AA /* CombineExampleUITests.xctest */,
			);
			name = Products;
			sourceTree = "<group>";
		};
		365A172E2A8BC9D700E970AA /* CombineExample */ = {
			isa = PBXGroup;
			children = (
				365A17762A8BD09300E970AA /* PresentationLayer */,
				365A175F2A8BCA3C00E970AA /* Modules */,
				365A172F2A8BC9D700E970AA /* AppDelegate.swift */,
				365A17312A8BC9D700E970AA /* SceneDelegate.swift */,
				365A17382A8BC9D800E970AA /* Assets.xcassets */,
				365A173A2A8BC9D800E970AA /* LaunchScreen.storyboard */,
				365A173D2A8BC9D800E970AA /* Info.plist */,
			);
			path = CombineExample;
			sourceTree = "<group>";
		};
		365A17452A8BC9D800E970AA /* CombineExampleTests */ = {
			isa = PBXGroup;
			children = (
				365A17462A8BC9D800E970AA /* CombineExampleTests.swift */,
			);
			path = CombineExampleTests;
			sourceTree = "<group>";
		};
		365A174F2A8BC9D800E970AA /* CombineExampleUITests */ = {
			isa = PBXGroup;
			children = (
				365A17502A8BC9D800E970AA /* CombineExampleUITests.swift */,
				365A17522A8BC9D800E970AA /* CombineExampleUITestsLaunchTests.swift */,
			);
			path = CombineExampleUITests;
			sourceTree = "<group>";
		};
		365A175F2A8BCA3C00E970AA /* Modules */ = {
			isa = PBXGroup;
			children = (
				365A176B2A8BCC6000E970AA /* TableViewCell */,
				365A17622A8BCA5B00E970AA /* View */,
				365A17612A8BCA5500E970AA /* Model */,
				365A17602A8BCA4C00E970AA /* Presenter */,
			);
			path = Modules;
			sourceTree = "<group>";
		};
		365A17602A8BCA4C00E970AA /* Presenter */ = {
			isa = PBXGroup;
			children = (
				365A17742A8BD00400E970AA /* Presenter.swift */,
			);
			path = Presenter;
			sourceTree = "<group>";
		};
		365A17612A8BCA5500E970AA /* Model */ = {
			isa = PBXGroup;
			children = (
				365A17722A8BCF9000E970AA /* ItemModel.swift */,
			);
			path = Model;
			sourceTree = "<group>";
		};
		365A17622A8BCA5B00E970AA /* View */ = {
			isa = PBXGroup;
			children = (
				365A17672A8BCBB800E970AA /* ShopViewController.swift */,
				365A17682A8BCBB800E970AA /* ShopViewController.xib */,
			);
			path = View;
			sourceTree = "<group>";
		};
		365A176B2A8BCC6000E970AA /* TableViewCell */ = {
			isa = PBXGroup;
			children = (
				365A176E2A8BCC8100E970AA /* ShopTableViewCell.swift */,
				365A176F2A8BCC8100E970AA /* ShopTableViewCell.xib */,
			);
			path = TableViewCell;
			sourceTree = "<group>";
		};
		365A17762A8BD09300E970AA /* PresentationLayer */ = {
			isa = PBXGroup;
			children = (
				365A17772A8BD0A100E970AA /* NetworkService.swift */,
			);
			path = PresentationLayer;
			sourceTree = "<group>";
		};
/* End PBXGroup section */

/* Begin PBXNativeTarget section */
		365A172B2A8BC9D700E970AA /* CombineExample */ = {
			isa = PBXNativeTarget;
			buildConfigurationList = 365A17562A8BC9D800E970AA /* Build configuration list for PBXNativeTarget "CombineExample" */;
			buildPhases = (
				365A17282A8BC9D700E970AA /* Sources */,
				365A17292A8BC9D700E970AA /* Frameworks */,
				365A172A2A8BC9D700E970AA /* Resources */,
			);
			buildRules = (
			);
			dependencies = (
			);
			name = CombineExample;
			productName = CombineExample;
			productReference = 365A172C2A8BC9D700E970AA /* CombineExample.app */;
			productType = "com.apple.product-type.application";
		};
		365A17412A8BC9D800E970AA /* CombineExampleTests */ = {
			isa = PBXNativeTarget;
			buildConfigurationList = 365A17592A8BC9D800E970AA /* Build configuration list for PBXNativeTarget "CombineExampleTests" */;
			buildPhases = (
				365A173E2A8BC9D800E970AA /* Sources */,
				365A173F2A8BC9D800E970AA /* Frameworks */,
				365A17402A8BC9D800E970AA /* Resources */,
			);
			buildRules = (
			);
			dependencies = (
				365A17442A8BC9D800E970AA /* PBXTargetDependency */,
			);
			name = CombineExampleTests;
			productName = CombineExampleTests;
			productReference = 365A17422A8BC9D800E970AA /* CombineExampleTests.xctest */;
			productType = "com.apple.product-type.bundle.unit-test";
		};
		365A174B2A8BC9D800E970AA /* CombineExampleUITests */ = {
			isa = PBXNativeTarget;
			buildConfigurationList = 365A175C2A8BC9D800E970AA /* Build configuration list for PBXNativeTarget "CombineExampleUITests" */;
			buildPhases = (
				365A17482A8BC9D800E970AA /* Sources */,
				365A17492A8BC9D800E970AA /* Frameworks */,
				365A174A2A8BC9D800E970AA /* Resources */,
			);
			buildRules = (
			);
			dependencies = (
				365A174E2A8BC9D800E970AA /* PBXTargetDependency */,
			);
			name = CombineExampleUITests;
			productName = CombineExampleUITests;
			productReference = 365A174C2A8BC9D800E970AA /* CombineExampleUITests.xctest */;
			productType = "com.apple.product-type.bundle.ui-testing";
		};
/* End PBXNativeTarget section */

/* Begin PBXProject section */
		365A17242A8BC9D700E970AA /* Project object */ = {
			isa = PBXProject;
			attributes = {
				BuildIndependentTargetsInParallel = 1;
				LastSwiftUpdateCheck = 1430;
				LastUpgradeCheck = 1430;
				TargetAttributes = {
					365A172B2A8BC9D700E970AA = {
						CreatedOnToolsVersion = 14.3.1;
					};
					365A17412A8BC9D800E970AA = {
						CreatedOnToolsVersion = 14.3.1;
						TestTargetID = 365A172B2A8BC9D700E970AA;
					};
					365A174B2A8BC9D800E970AA = {
						CreatedOnToolsVersion = 14.3.1;
						TestTargetID = 365A172B2A8BC9D700E970AA;
					};
				};
			};
			buildConfigurationList = 365A17272A8BC9D700E970AA /* Build configuration list for PBXProject "CombineExample" */;
			compatibilityVersion = "Xcode 14.0";
			developmentRegion = en;
			hasScannedForEncodings = 0;
			knownRegions = (
				en,
				Base,
			);
			mainGroup = 365A17232A8BC9D700E970AA;
			productRefGroup = 365A172D2A8BC9D700E970AA /* Products */;
			projectDirPath = "";
			projectRoot = "";
			targets = (
				365A172B2A8BC9D700E970AA /* CombineExample */,
				365A17412A8BC9D800E970AA /* CombineExampleTests */,
				365A174B2A8BC9D800E970AA /* CombineExampleUITests */,
			);
		};
/* End PBXProject section */

/* Begin PBXResourcesBuildPhase section */
		365A172A2A8BC9D700E970AA /* Resources */ = {
			isa = PBXResourcesBuildPhase;
			buildActionMask = 2147483647;
			files = (
				365A176A2A8BCBB800E970AA /* ShopViewController.xib in Resources */,
				365A173C2A8BC9D800E970AA /* LaunchScreen.storyboard in Resources */,
				365A17392A8BC9D800E970AA /* Assets.xcassets in Resources */,
				365A17712A8BCC8100E970AA /* ShopTableViewCell.xib in Resources */,
			);
			runOnlyForDeploymentPostprocessing = 0;
		};
		365A17402A8BC9D800E970AA /* Resources */ = {
			isa = PBXResourcesBuildPhase;
			buildActionMask = 2147483647;
			files = (
			);
			runOnlyForDeploymentPostprocessing = 0;
		};
		365A174A2A8BC9D800E970AA /* Resources */ = {
			isa = PBXResourcesBuildPhase;
			buildActionMask = 2147483647;
			files = (
			);
			runOnlyForDeploymentPostprocessing = 0;
		};
/* End PBXResourcesBuildPhase section */

/* Begin PBXSourcesBuildPhase section */
		365A17282A8BC9D700E970AA /* Sources */ = {
			isa = PBXSourcesBuildPhase;
			buildActionMask = 2147483647;
			files = (
				365A17752A8BD00400E970AA /* Presenter.swift in Sources */,
				365A17732A8BCF9000E970AA /* ItemModel.swift in Sources */,
				365A17302A8BC9D700E970AA /* AppDelegate.swift in Sources */,
				365A17322A8BC9D700E970AA /* SceneDelegate.swift in Sources */,
				365A17692A8BCBB800E970AA /* ShopViewController.swift in Sources */,
				365A17702A8BCC8100E970AA /* ShopTableViewCell.swift in Sources */,
				365A17782A8BD0A100E970AA /* NetworkService.swift in Sources */,
			);
			runOnlyForDeploymentPostprocessing = 0;
		};
		365A173E2A8BC9D800E970AA /* Sources */ = {
			isa = PBXSourcesBuildPhase;
			buildActionMask = 2147483647;
			files = (
				365A17472A8BC9D800E970AA /* CombineExampleTests.swift in Sources */,
			);
			runOnlyForDeploymentPostprocessing = 0;
		};
		365A17482A8BC9D800E970AA /* Sources */ = {
			isa = PBXSourcesBuildPhase;
			buildActionMask = 2147483647;
			files = (
				365A17512A8BC9D800E970AA /* CombineExampleUITests.swift in Sources */,
				365A17532A8BC9D800E970AA /* CombineExampleUITestsLaunchTests.swift in Sources */,
			);
			runOnlyForDeploymentPostprocessing = 0;
		};
/* End PBXSourcesBuildPhase section */

/* Begin PBXTargetDependency section */
		365A17442A8BC9D800E970AA /* PBXTargetDependency */ = {
			isa = PBXTargetDependency;
			target = 365A172B2A8BC9D700E970AA /* CombineExample */;
			targetProxy = 365A17432A8BC9D800E970AA /* PBXContainerItemProxy */;
		};
		365A174E2A8BC9D800E970AA /* PBXTargetDependency */ = {
			isa = PBXTargetDependency;
			target = 365A172B2A8BC9D700E970AA /* CombineExample */;
			targetProxy = 365A174D2A8BC9D800E970AA /* PBXContainerItemProxy */;
		};
/* End PBXTargetDependency section */

/* Begin PBXVariantGroup section */
		365A173A2A8BC9D800E970AA /* LaunchScreen.storyboard */ = {
			isa = PBXVariantGroup;
			children = (
				365A173B2A8BC9D800E970AA /* Base */,
			);
			name = LaunchScreen.storyboard;
			sourceTree = "<group>";
		};
/* End PBXVariantGroup section */

/* Begin XCBuildConfiguration section */
		365A17542A8BC9D800E970AA /* Debug */ = {
			isa = XCBuildConfiguration;
			buildSettings = {
				ALWAYS_SEARCH_USER_PATHS = NO;
				CLANG_ANALYZER_NONNULL = YES;
				CLANG_ANALYZER_NUMBER_OBJECT_CONVERSION = YES_AGGRESSIVE;
				CLANG_CXX_LANGUAGE_STANDARD = "gnu++20";
				CLANG_ENABLE_MODULES = YES;
				CLANG_ENABLE_OBJC_ARC = YES;
				CLANG_ENABLE_OBJC_WEAK = YES;
				CLANG_WARN_BLOCK_CAPTURE_AUTORELEASING = YES;
				CLANG_WARN_BOOL_CONVERSION = YES;
				CLANG_WARN_COMMA = YES;
				CLANG_WARN_CONSTANT_CONVERSION = YES;
				CLANG_WARN_DEPRECATED_OBJC_IMPLEMENTATIONS = YES;
				CLANG_WARN_DIRECT_OBJC_ISA_USAGE = YES_ERROR;
				CLANG_WARN_DOCUMENTATION_COMMENTS = YES;
				CLANG_WARN_EMPTY_BODY = YES;
				CLANG_WARN_ENUM_CONVERSION = YES;
				CLANG_WARN_INFINITE_RECURSION = YES;
				CLANG_WARN_INT_CONVERSION = YES;
				CLANG_WARN_NON_LITERAL_NULL_CONVERSION = YES;
				CLANG_WARN_OBJC_IMPLICIT_RETAIN_SELF = YES;
				CLANG_WARN_OBJC_LITERAL_CONVERSION = YES;
				CLANG_WARN_OBJC_ROOT_CLASS = YES_ERROR;
				CLANG_WARN_QUOTED_INCLUDE_IN_FRAMEWORK_HEADER = YES;
				CLANG_WARN_RANGE_LOOP_ANALYSIS = YES;
				CLANG_WARN_STRICT_PROTOTYPES = YES;
				CLANG_WARN_SUSPICIOUS_MOVE = YES;
				CLANG_WARN_UNGUARDED_AVAILABILITY = YES_AGGRESSIVE;
				CLANG_WARN_UNREACHABLE_CODE = YES;
				CLANG_WARN__DUPLICATE_METHOD_MATCH = YES;
				COPY_PHASE_STRIP = NO;
				DEBUG_INFORMATION_FORMAT = dwarf;
				ENABLE_STRICT_OBJC_MSGSEND = YES;
				ENABLE_TESTABILITY = YES;
				GCC_C_LANGUAGE_STANDARD = gnu11;
				GCC_DYNAMIC_NO_PIC = NO;
				GCC_NO_COMMON_BLOCKS = YES;
				GCC_OPTIMIZATION_LEVEL = 0;
				GCC_PREPROCESSOR_DEFINITIONS = (
					"DEBUG=1",
					"$(inherited)",
				);
				GCC_WARN_64_TO_32_BIT_CONVERSION = YES;
				GCC_WARN_ABOUT_RETURN_TYPE = YES_ERROR;
				GCC_WARN_UNDECLARED_SELECTOR = YES;
				GCC_WARN_UNINITIALIZED_AUTOS = YES_AGGRESSIVE;
				GCC_WARN_UNUSED_FUNCTION = YES;
				GCC_WARN_UNUSED_VARIABLE = YES;
				IPHONEOS_DEPLOYMENT_TARGET = 16.4;
				MTL_ENABLE_DEBUG_INFO = INCLUDE_SOURCE;
				MTL_FAST_MATH = YES;
				ONLY_ACTIVE_ARCH = YES;
				SDKROOT = iphoneos;
				SWIFT_ACTIVE_COMPILATION_CONDITIONS = DEBUG;
				SWIFT_OPTIMIZATION_LEVEL = "-Onone";
			};
			name = Debug;
		};
		365A17552A8BC9D800E970AA /* Release */ = {
			isa = XCBuildConfiguration;
			buildSettings = {
				ALWAYS_SEARCH_USER_PATHS = NO;
				CLANG_ANALYZER_NONNULL = YES;
				CLANG_ANALYZER_NUMBER_OBJECT_CONVERSION = YES_AGGRESSIVE;
				CLANG_CXX_LANGUAGE_STANDARD = "gnu++20";
				CLANG_ENABLE_MODULES = YES;
				CLANG_ENABLE_OBJC_ARC = YES;
				CLANG_ENABLE_OBJC_WEAK = YES;
				CLANG_WARN_BLOCK_CAPTURE_AUTORELEASING = YES;
				CLANG_WARN_BOOL_CONVERSION = YES;
				CLANG_WARN_COMMA = YES;
				CLANG_WARN_CONSTANT_CONVERSION = YES;
				CLANG_WARN_DEPRECATED_OBJC_IMPLEMENTATIONS = YES;
				CLANG_WARN_DIRECT_OBJC_ISA_USAGE = YES_ERROR;
				CLANG_WARN_DOCUMENTATION_COMMENTS = YES;
				CLANG_WARN_EMPTY_BODY = YES;
				CLANG_WARN_ENUM_CONVERSION = YES;
				CLANG_WARN_INFINITE_RECURSION = YES;
				CLANG_WARN_INT_CONVERSION = YES;
				CLANG_WARN_NON_LITERAL_NULL_CONVERSION = YES;
				CLANG_WARN_OBJC_IMPLICIT_RETAIN_SELF = YES;
				CLANG_WARN_OBJC_LITERAL_CONVERSION = YES;
				CLANG_WARN_OBJC_ROOT_CLASS = YES_ERROR;
				CLANG_WARN_QUOTED_INCLUDE_IN_FRAMEWORK_HEADER = YES;
				CLANG_WARN_RANGE_LOOP_ANALYSIS = YES;
				CLANG_WARN_STRICT_PROTOTYPES = YES;
				CLANG_WARN_SUSPICIOUS_MOVE = YES;
				CLANG_WARN_UNGUARDED_AVAILABILITY = YES_AGGRESSIVE;
				CLANG_WARN_UNREACHABLE_CODE = YES;
				CLANG_WARN__DUPLICATE_METHOD_MATCH = YES;
				COPY_PHASE_STRIP = NO;
				DEBUG_INFORMATION_FORMAT = "dwarf-with-dsym";
				ENABLE_NS_ASSERTIONS = NO;
				ENABLE_STRICT_OBJC_MSGSEND = YES;
				GCC_C_LANGUAGE_STANDARD = gnu11;
				GCC_NO_COMMON_BLOCKS = YES;
				GCC_WARN_64_TO_32_BIT_CONVERSION = YES;
				GCC_WARN_ABOUT_RETURN_TYPE = YES_ERROR;
				GCC_WARN_UNDECLARED_SELECTOR = YES;
				GCC_WARN_UNINITIALIZED_AUTOS = YES_AGGRESSIVE;
				GCC_WARN_UNUSED_FUNCTION = YES;
				GCC_WARN_UNUSED_VARIABLE = YES;
				IPHONEOS_DEPLOYMENT_TARGET = 16.4;
				MTL_ENABLE_DEBUG_INFO = NO;
				MTL_FAST_MATH = YES;
				SDKROOT = iphoneos;
				SWIFT_COMPILATION_MODE = wholemodule;
				SWIFT_OPTIMIZATION_LEVEL = "-O";
				VALIDATE_PRODUCT = YES;
			};
			name = Release;
		};
		365A17572A8BC9D800E970AA /* Debug */ = {
			isa = XCBuildConfiguration;
			buildSettings = {
				ASSETCATALOG_COMPILER_APPICON_NAME = AppIcon;
				ASSETCATALOG_COMPILER_GLOBAL_ACCENT_COLOR_NAME = AccentColor;
				CODE_SIGN_STYLE = Automatic;
				CURRENT_PROJECT_VERSION = 1;
				DEVELOPMENT_TEAM = 65D24US5AQ;
				GENERATE_INFOPLIST_FILE = YES;
				INFOPLIST_FILE = CombineExample/Info.plist;
				INFOPLIST_KEY_UIApplicationSupportsIndirectInputEvents = YES;
				INFOPLIST_KEY_UILaunchStoryboardName = LaunchScreen;
				INFOPLIST_KEY_UISupportedInterfaceOrientations_iPad = "UIInterfaceOrientationPortrait UIInterfaceOrientationPortraitUpsideDown UIInterfaceOrientationLandscapeLeft UIInterfaceOrientationLandscapeRight";
				INFOPLIST_KEY_UISupportedInterfaceOrientations_iPhone = "UIInterfaceOrientationPortrait UIInterfaceOrientationLandscapeLeft UIInterfaceOrientationLandscapeRight";
				LD_RUNPATH_SEARCH_PATHS = (
					"$(inherited)",
					"@executable_path/Frameworks",
				);
				MARKETING_VERSION = 1.0;
				PRODUCT_BUNDLE_IDENTIFIER = combineExample.CombineExample;
				PRODUCT_NAME = "$(TARGET_NAME)";
				SWIFT_EMIT_LOC_STRINGS = YES;
				SWIFT_VERSION = 5.0;
				TARGETED_DEVICE_FAMILY = "1,2";
			};
			name = Debug;
		};
		365A17582A8BC9D800E970AA /* Release */ = {
			isa = XCBuildConfiguration;
			buildSettings = {
				ASSETCATALOG_COMPILER_APPICON_NAME = AppIcon;
				ASSETCATALOG_COMPILER_GLOBAL_ACCENT_COLOR_NAME = AccentColor;
				CODE_SIGN_STYLE = Automatic;
				CURRENT_PROJECT_VERSION = 1;
				DEVELOPMENT_TEAM = 65D24US5AQ;
				GENERATE_INFOPLIST_FILE = YES;
				INFOPLIST_FILE = CombineExample/Info.plist;
				INFOPLIST_KEY_UIApplicationSupportsIndirectInputEvents = YES;
				INFOPLIST_KEY_UILaunchStoryboardName = LaunchScreen;
				INFOPLIST_KEY_UISupportedInterfaceOrientations_iPad = "UIInterfaceOrientationPortrait UIInterfaceOrientationPortraitUpsideDown UIInterfaceOrientationLandscapeLeft UIInterfaceOrientationLandscapeRight";
				INFOPLIST_KEY_UISupportedInterfaceOrientations_iPhone = "UIInterfaceOrientationPortrait UIInterfaceOrientationLandscapeLeft UIInterfaceOrientationLandscapeRight";
				LD_RUNPATH_SEARCH_PATHS = (
					"$(inherited)",
					"@executable_path/Frameworks",
				);
				MARKETING_VERSION = 1.0;
				PRODUCT_BUNDLE_IDENTIFIER = combineExample.CombineExample;
				PRODUCT_NAME = "$(TARGET_NAME)";
				SWIFT_EMIT_LOC_STRINGS = YES;
				SWIFT_VERSION = 5.0;
				TARGETED_DEVICE_FAMILY = "1,2";
			};
			name = Release;
		};
		365A175A2A8BC9D800E970AA /* Debug */ = {
			isa = XCBuildConfiguration;
			buildSettings = {
				ALWAYS_EMBED_SWIFT_STANDARD_LIBRARIES = YES;
				BUNDLE_LOADER = "$(TEST_HOST)";
				CODE_SIGN_STYLE = Automatic;
				CURRENT_PROJECT_VERSION = 1;
				DEVELOPMENT_TEAM = 65D24US5AQ;
				GENERATE_INFOPLIST_FILE = YES;
				IPHONEOS_DEPLOYMENT_TARGET = 16.4;
				MARKETING_VERSION = 1.0;
				PRODUCT_BUNDLE_IDENTIFIER = combineExample.CombineExampleTests;
				PRODUCT_NAME = "$(TARGET_NAME)";
				SWIFT_EMIT_LOC_STRINGS = NO;
				SWIFT_VERSION = 5.0;
				TARGETED_DEVICE_FAMILY = "1,2";
				TEST_HOST = "$(BUILT_PRODUCTS_DIR)/CombineExample.app/$(BUNDLE_EXECUTABLE_FOLDER_PATH)/CombineExample";
			};
			name = Debug;
		};
		365A175B2A8BC9D800E970AA /* Release */ = {
			isa = XCBuildConfiguration;
			buildSettings = {
				ALWAYS_EMBED_SWIFT_STANDARD_LIBRARIES = YES;
				BUNDLE_LOADER = "$(TEST_HOST)";
				CODE_SIGN_STYLE = Automatic;
				CURRENT_PROJECT_VERSION = 1;
				DEVELOPMENT_TEAM = 65D24US5AQ;
				GENERATE_INFOPLIST_FILE = YES;
				IPHONEOS_DEPLOYMENT_TARGET = 16.4;
				MARKETING_VERSION = 1.0;
				PRODUCT_BUNDLE_IDENTIFIER = combineExample.CombineExampleTests;
				PRODUCT_NAME = "$(TARGET_NAME)";
				SWIFT_EMIT_LOC_STRINGS = NO;
				SWIFT_VERSION = 5.0;
				TARGETED_DEVICE_FAMILY = "1,2";
				TEST_HOST = "$(BUILT_PRODUCTS_DIR)/CombineExample.app/$(BUNDLE_EXECUTABLE_FOLDER_PATH)/CombineExample";
			};
			name = Release;
		};
		365A175D2A8BC9D800E970AA /* Debug */ = {
			isa = XCBuildConfiguration;
			buildSettings = {
				ALWAYS_EMBED_SWIFT_STANDARD_LIBRARIES = YES;
				CODE_SIGN_STYLE = Automatic;
				CURRENT_PROJECT_VERSION = 1;
				DEVELOPMENT_TEAM = 65D24US5AQ;
				GENERATE_INFOPLIST_FILE = YES;
				MARKETING_VERSION = 1.0;
				PRODUCT_BUNDLE_IDENTIFIER = combineExample.CombineExampleUITests;
				PRODUCT_NAME = "$(TARGET_NAME)";
				SWIFT_EMIT_LOC_STRINGS = NO;
				SWIFT_VERSION = 5.0;
				TARGETED_DEVICE_FAMILY = "1,2";
				TEST_TARGET_NAME = CombineExample;
			};
			name = Debug;
		};
		365A175E2A8BC9D800E970AA /* Release */ = {
			isa = XCBuildConfiguration;
			buildSettings = {
				ALWAYS_EMBED_SWIFT_STANDARD_LIBRARIES = YES;
				CODE_SIGN_STYLE = Automatic;
				CURRENT_PROJECT_VERSION = 1;
				DEVELOPMENT_TEAM = 65D24US5AQ;
				GENERATE_INFOPLIST_FILE = YES;
				MARKETING_VERSION = 1.0;
				PRODUCT_BUNDLE_IDENTIFIER = combineExample.CombineExampleUITests;
				PRODUCT_NAME = "$(TARGET_NAME)";
				SWIFT_EMIT_LOC_STRINGS = NO;
				SWIFT_VERSION = 5.0;
				TARGETED_DEVICE_FAMILY = "1,2";
				TEST_TARGET_NAME = CombineExample;
			};
			name = Release;
		};
/* End XCBuildConfiguration section */

/* Begin XCConfigurationList section */
		365A17272A8BC9D700E970AA /* Build configuration list for PBXProject "CombineExample" */ = {
			isa = XCConfigurationList;
			buildConfigurations = (
				365A17542A8BC9D800E970AA /* Debug */,
				365A17552A8BC9D800E970AA /* Release */,
			);
			defaultConfigurationIsVisible = 0;
			defaultConfigurationName = Release;
		};
		365A17562A8BC9D800E970AA /* Build configuration list for PBXNativeTarget "CombineExample" */ = {
			isa = XCConfigurationList;
			buildConfigurations = (
				365A17572A8BC9D800E970AA /* Debug */,
				365A17582A8BC9D800E970AA /* Release */,
			);
			defaultConfigurationIsVisible = 0;
			defaultConfigurationName = Release;
		};
		365A17592A8BC9D800E970AA /* Build configuration list for PBXNativeTarget "CombineExampleTests" */ = {
			isa = XCConfigurationList;
			buildConfigurations = (
				365A175A2A8BC9D800E970AA /* Debug */,
				365A175B2A8BC9D800E970AA /* Release */,
			);
			defaultConfigurationIsVisible = 0;
			defaultConfigurationName = Release;
		};
		365A175C2A8BC9D800E970AA /* Build configuration list for PBXNativeTarget "CombineExampleUITests" */ = {
			isa = XCConfigurationList;
			buildConfigurations = (
				365A175D2A8BC9D800E970AA /* Debug */,
				365A175E2A8BC9D800E970AA /* Release */,
			);
			defaultConfigurationIsVisible = 0;
			defaultConfigurationName = Release;
		};
/* End XCConfigurationList section */
	};
	rootObject = 365A17242A8BC9D700E970AA /* Project object */;
}
